PODS:
  - CountryPickerView (3.1.0)
  - LBTATools (1.0.12)
  - SKCountryPicker (1.2.7)

DEPENDENCIES:
  - CountryPickerView
  - LBTATools
  - SKCountryPicker

SPEC REPOS:
  trunk:
    - CountryPickerView
    - LBTATools
    - SKCountryPicker

SPEC CHECKSUMS:
  CountryPickerView: ab341e2253d5e1231ff679ec93441e413703cb9c
  LBTATools: 389a901a01b9a56bea5682c40cd6e23530f40015
  SKCountryPicker: 9abf4993e9e21683e8d58d56279daaa09b705a91

PODFILE CHECKSUM: 058c958712ddb3662fcf0b8fb3c2cbc85b3a417d

COCOAPODS: 1.8.4
