// !$*UTF8*$!
{
	archiveVersion = 1;
	classes = {
	};
	objectVersion = 51;
	objects = {

/* Begin PBXBuildFile section */
		075DBA569AA196D8FA4C8664 /* Pods_NippfyTests.framework in Frameworks */ = {isa = PBXBuildFile; fileRef = 695AB60110DC7B99AC66CCFD /* Pods_NippfyTests.framework */; };
		656ECC38240A8275007F93D4 /* AppDelegate.swift in Sources */ = {isa = PBXBuildFile; fileRef = 656ECC37240A8275007F93D4 /* AppDelegate.swift */; };
		656ECC3A240A8275007F93D4 /* SceneDelegate.swift in Sources */ = {isa = PBXBuildFile; fileRef = 656ECC39240A8275007F93D4 /* SceneDelegate.swift */; };
		656ECC3C240A8275007F93D4 /* ViewController.swift in Sources */ = {isa = PBXBuildFile; fileRef = 656ECC3B240A8275007F93D4 /* ViewController.swift */; };
		656ECC3F240A8275007F93D4 /* Main.storyboard in Resources */ = {isa = PBXBuildFile; fileRef = 656ECC3D240A8275007F93D4 /* Main.storyboard */; };
		656ECC41240A8279007F93D4 /* Assets.xcassets in Resources */ = {isa = PBXBuildFile; fileRef = 656ECC40240A8279007F93D4 /* Assets.xcassets */; };
		656ECC44240A8279007F93D4 /* LaunchScreen.storyboard in Resources */ = {isa = PBXBuildFile; fileRef = 656ECC42240A8279007F93D4 /* LaunchScreen.storyboard */; };
		656ECC4F240A8279007F93D4 /* NippfyTests.swift in Sources */ = {isa = PBXBuildFile; fileRef = 656ECC4E240A8279007F93D4 /* NippfyTests.swift */; };
		656ECC5A240A8279007F93D4 /* NippfyUITests.swift in Sources */ = {isa = PBXBuildFile; fileRef = 656ECC59240A8279007F93D4 /* NippfyUITests.swift */; };
		656ECC69240A83EA007F93D4 /* Colors.xcassets in Resources */ = {isa = PBXBuildFile; fileRef = 656ECC68240A83EA007F93D4 /* Colors.xcassets */; };
		656ECC6C240A8413007F93D4 /* UIViewExtension.swift in Sources */ = {isa = PBXBuildFile; fileRef = 656ECC6B240A8413007F93D4 /* UIViewExtension.swift */; };
		656ECC6E240A8430007F93D4 /* UIButtonExtension.swift in Sources */ = {isa = PBXBuildFile; fileRef = 656ECC6D240A8430007F93D4 /* UIButtonExtension.swift */; };
		656ECC71240A846F007F93D4 /* DScrollView+.swift in Sources */ = {isa = PBXBuildFile; fileRef = 656ECC70240A846F007F93D4 /* DScrollView+.swift */; };
		656ECC73240A848D007F93D4 /* DScrollViewElement.swift in Sources */ = {isa = PBXBuildFile; fileRef = 656ECC72240A848D007F93D4 /* DScrollViewElement.swift */; };
		656ECC75240A84A9007F93D4 /* DScrollViewContainer.swift in Sources */ = {isa = PBXBuildFile; fileRef = 656ECC74240A84A9007F93D4 /* DScrollViewContainer.swift */; };
		656ECC77240A84BF007F93D4 /* DScrollView.swift in Sources */ = {isa = PBXBuildFile; fileRef = 656ECC76240A84BF007F93D4 /* DScrollView.swift */; };
		656ECC7B240A84EA007F93D4 /* Repository.swift in Sources */ = {isa = PBXBuildFile; fileRef = 656ECC7A240A84EA007F93D4 /* Repository.swift */; };
		656ECC8B240A859F007F93D4 /* LoginPresenter.swift in Sources */ = {isa = PBXBuildFile; fileRef = 656ECC85240A859F007F93D4 /* LoginPresenter.swift */; };
		656ECC8C240A859F007F93D4 /* LoginWorker.swift in Sources */ = {isa = PBXBuildFile; fileRef = 656ECC86240A859F007F93D4 /* LoginWorker.swift */; };
		656ECC8D240A859F007F93D4 /* LoginRouter.swift in Sources */ = {isa = PBXBuildFile; fileRef = 656ECC87240A859F007F93D4 /* LoginRouter.swift */; };
		656ECC8E240A859F007F93D4 /* LoginModels.swift in Sources */ = {isa = PBXBuildFile; fileRef = 656ECC88240A859F007F93D4 /* LoginModels.swift */; };
		656ECC8F240A859F007F93D4 /* LoginViewController.swift in Sources */ = {isa = PBXBuildFile; fileRef = 656ECC89240A859F007F93D4 /* LoginViewController.swift */; };
		656ECC90240A859F007F93D4 /* LoginInteractor.swift in Sources */ = {isa = PBXBuildFile; fileRef = 656ECC8A240A859F007F93D4 /* LoginInteractor.swift */; };
		656ECC92240A85DB007F93D4 /* LoginView.swift in Sources */ = {isa = PBXBuildFile; fileRef = 656ECC91240A85DB007F93D4 /* LoginView.swift */; };
		656ECC94240A85F2007F93D4 /* RegisterView.swift in Sources */ = {isa = PBXBuildFile; fileRef = 656ECC93240A85F2007F93D4 /* RegisterView.swift */; };
		656ECC9B240A85FD007F93D4 /* RegisterPresenter.swift in Sources */ = {isa = PBXBuildFile; fileRef = 656ECC95240A85FD007F93D4 /* RegisterPresenter.swift */; };
		656ECC9C240A85FD007F93D4 /* RegisterWorker.swift in Sources */ = {isa = PBXBuildFile; fileRef = 656ECC96240A85FD007F93D4 /* RegisterWorker.swift */; };
		656ECC9D240A85FD007F93D4 /* RegisterRouter.swift in Sources */ = {isa = PBXBuildFile; fileRef = 656ECC97240A85FD007F93D4 /* RegisterRouter.swift */; };
		656ECC9E240A85FD007F93D4 /* RegisterModels.swift in Sources */ = {isa = PBXBuildFile; fileRef = 656ECC98240A85FD007F93D4 /* RegisterModels.swift */; };
		656ECC9F240A85FD007F93D4 /* RegisterViewController.swift in Sources */ = {isa = PBXBuildFile; fileRef = 656ECC99240A85FD007F93D4 /* RegisterViewController.swift */; };
		656ECCA0240A85FD007F93D4 /* RegisterInteractor.swift in Sources */ = {isa = PBXBuildFile; fileRef = 656ECC9A240A85FD007F93D4 /* RegisterInteractor.swift */; };
		656ECCA2240A8621007F93D4 /* ForgottenPasswordView.swift in Sources */ = {isa = PBXBuildFile; fileRef = 656ECCA1240A8621007F93D4 /* ForgottenPasswordView.swift */; };
		656ECCA9240A8631007F93D4 /* ForgottenPasswordPresenter.swift in Sources */ = {isa = PBXBuildFile; fileRef = 656ECCA3240A8631007F93D4 /* ForgottenPasswordPresenter.swift */; };
		656ECCAA240A8631007F93D4 /* ForgottenPasswordWorker.swift in Sources */ = {isa = PBXBuildFile; fileRef = 656ECCA4240A8631007F93D4 /* ForgottenPasswordWorker.swift */; };
		656ECCAB240A8631007F93D4 /* ForgottenPasswordRouter.swift in Sources */ = {isa = PBXBuildFile; fileRef = 656ECCA5240A8631007F93D4 /* ForgottenPasswordRouter.swift */; };
		656ECCAC240A8631007F93D4 /* ForgottenPasswordModels.swift in Sources */ = {isa = PBXBuildFile; fileRef = 656ECCA6240A8631007F93D4 /* ForgottenPasswordModels.swift */; };
		656ECCAD240A8631007F93D4 /* ForgottenPasswordViewController.swift in Sources */ = {isa = PBXBuildFile; fileRef = 656ECCA7240A8631007F93D4 /* ForgottenPasswordViewController.swift */; };
		656ECCAE240A8631007F93D4 /* ForgottenPasswordInteractor.swift in Sources */ = {isa = PBXBuildFile; fileRef = 656ECCA8240A8631007F93D4 /* ForgottenPasswordInteractor.swift */; };
		656ECCB0240A8761007F93D4 /* Readme.md in Resources */ = {isa = PBXBuildFile; fileRef = 656ECCAF240A8760007F93D4 /* Readme.md */; };
		656F81AF2422910D004AE4CF /* PaymentView.swift in Sources */ = {isa = PBXBuildFile; fileRef = 656F81AE2422910D004AE4CF /* PaymentView.swift */; };
		656F81B62422911F004AE4CF /* PaymentPresenter.swift in Sources */ = {isa = PBXBuildFile; fileRef = 656F81B02422911F004AE4CF /* PaymentPresenter.swift */; };
		656F81B72422911F004AE4CF /* PaymentWorker.swift in Sources */ = {isa = PBXBuildFile; fileRef = 656F81B12422911F004AE4CF /* PaymentWorker.swift */; };
		656F81B82422911F004AE4CF /* PaymentRouter.swift in Sources */ = {isa = PBXBuildFile; fileRef = 656F81B22422911F004AE4CF /* PaymentRouter.swift */; };
		656F81B92422911F004AE4CF /* PaymentModels.swift in Sources */ = {isa = PBXBuildFile; fileRef = 656F81B32422911F004AE4CF /* PaymentModels.swift */; };
		656F81BA2422911F004AE4CF /* PaymentViewController.swift in Sources */ = {isa = PBXBuildFile; fileRef = 656F81B42422911F004AE4CF /* PaymentViewController.swift */; };
		656F81BB2422911F004AE4CF /* PaymentInteractor.swift in Sources */ = {isa = PBXBuildFile; fileRef = 656F81B52422911F004AE4CF /* PaymentInteractor.swift */; };
		656F81BD2422942D004AE4CF /* UIViewControllerExtension.swift in Sources */ = {isa = PBXBuildFile; fileRef = 656F81BC2422942D004AE4CF /* UIViewControllerExtension.swift */; };
		656F81C12422AB1D004AE4CF /* WalletView.swift in Sources */ = {isa = PBXBuildFile; fileRef = 656F81C02422AB1D004AE4CF /* WalletView.swift */; };
		656F81C82422AB3A004AE4CF /* WalletPresenter.swift in Sources */ = {isa = PBXBuildFile; fileRef = 656F81C22422AB3A004AE4CF /* WalletPresenter.swift */; };
		656F81C92422AB3A004AE4CF /* WalletWorker.swift in Sources */ = {isa = PBXBuildFile; fileRef = 656F81C32422AB3A004AE4CF /* WalletWorker.swift */; };
		656F81CA2422AB3A004AE4CF /* WalletRouter.swift in Sources */ = {isa = PBXBuildFile; fileRef = 656F81C42422AB3A004AE4CF /* WalletRouter.swift */; };
		656F81CB2422AB3A004AE4CF /* WalletModels.swift in Sources */ = {isa = PBXBuildFile; fileRef = 656F81C52422AB3A004AE4CF /* WalletModels.swift */; };
		656F81CC2422AB3A004AE4CF /* WalletViewController.swift in Sources */ = {isa = PBXBuildFile; fileRef = 656F81C62422AB3A004AE4CF /* WalletViewController.swift */; };
		656F81CD2422AB3A004AE4CF /* WalletInteractor.swift in Sources */ = {isa = PBXBuildFile; fileRef = 656F81C72422AB3A004AE4CF /* WalletInteractor.swift */; };
		656F81CF2423797A004AE4CF /* UIDeviceExtension.swift in Sources */ = {isa = PBXBuildFile; fileRef = 656F81CE24237979004AE4CF /* UIDeviceExtension.swift */; };
		65BFF1B1241ECB1100D03F26 /* Screenshot 2020-03-15 at 20.35.08.png in Resources */ = {isa = PBXBuildFile; fileRef = 65BFF1AF241ECB1000D03F26 /* Screenshot 2020-03-15 at 20.35.08.png */; };
		65BFF1B2241ECB1100D03F26 /* Screenshot 2020-03-15 at 20.35.19.png in Resources */ = {isa = PBXBuildFile; fileRef = 65BFF1B0241ECB1000D03F26 /* Screenshot 2020-03-15 at 20.35.19.png */; };
		65CD69672413B244000AB56C /* Localizable.strings in Resources */ = {isa = PBXBuildFile; fileRef = 65CD69692413B244000AB56C /* Localizable.strings */; };
		65E6E75224242EB1001E6736 /* TransactionCell.swift in Sources */ = {isa = PBXBuildFile; fileRef = 65E6E75124242EB1001E6736 /* TransactionCell.swift */; };
		675F427D34CFD01AC9BF5A13 /* Pods_Nippfy_NippfyUITests.framework in Frameworks */ = {isa = PBXBuildFile; fileRef = BC33ACB83B948F1188827CB2 /* Pods_Nippfy_NippfyUITests.framework */; };
		98264F551602B5B889AB320C /* Pods_Nippfy.framework in Frameworks */ = {isa = PBXBuildFile; fileRef = 246A700076AD5F4E89680694 /* Pods_Nippfy.framework */; };
/* End PBXBuildFile section */

/* Begin PBXContainerItemProxy section */
		656ECC4B240A8279007F93D4 /* PBXContainerItemProxy */ = {
			isa = PBXContainerItemProxy;
			containerPortal = 656ECC2C240A8275007F93D4 /* Project object */;
			proxyType = 1;
			remoteGlobalIDString = 656ECC33240A8275007F93D4;
			remoteInfo = Nippfy;
		};
		656ECC56240A8279007F93D4 /* PBXContainerItemProxy */ = {
			isa = PBXContainerItemProxy;
			containerPortal = 656ECC2C240A8275007F93D4 /* Project object */;
			proxyType = 1;
			remoteGlobalIDString = 656ECC33240A8275007F93D4;
			remoteInfo = Nippfy;
		};
/* End PBXContainerItemProxy section */

/* Begin PBXFileReference section */
		105BC543A6BA721FF050746C /* Pods-Nippfy-NippfyUITests.release.xcconfig */ = {isa = PBXFileReference; includeInIndex = 1; lastKnownFileType = text.xcconfig; name = "Pods-Nippfy-NippfyUITests.release.xcconfig"; path = "Target Support Files/Pods-Nippfy-NippfyUITests/Pods-Nippfy-NippfyUITests.release.xcconfig"; sourceTree = "<group>"; };
		246A700076AD5F4E89680694 /* Pods_Nippfy.framework */ = {isa = PBXFileReference; explicitFileType = wrapper.framework; includeInIndex = 0; path = Pods_Nippfy.framework; sourceTree = BUILT_PRODUCTS_DIR; };
		656ECC34240A8275007F93D4 /* Nippfy.app */ = {isa = PBXFileReference; explicitFileType = wrapper.application; includeInIndex = 0; path = Nippfy.app; sourceTree = BUILT_PRODUCTS_DIR; };
		656ECC37240A8275007F93D4 /* AppDelegate.swift */ = {isa = PBXFileReference; lastKnownFileType = sourcecode.swift; path = AppDelegate.swift; sourceTree = "<group>"; };
		656ECC39240A8275007F93D4 /* SceneDelegate.swift */ = {isa = PBXFileReference; lastKnownFileType = sourcecode.swift; path = SceneDelegate.swift; sourceTree = "<group>"; };
		656ECC3B240A8275007F93D4 /* ViewController.swift */ = {isa = PBXFileReference; lastKnownFileType = sourcecode.swift; path = ViewController.swift; sourceTree = "<group>"; };
		656ECC3E240A8275007F93D4 /* Base */ = {isa = PBXFileReference; lastKnownFileType = file.storyboard; name = Base; path = Base.lproj/Main.storyboard; sourceTree = "<group>"; };
		656ECC40240A8279007F93D4 /* Assets.xcassets */ = {isa = PBXFileReference; lastKnownFileType = folder.assetcatalog; path = Assets.xcassets; sourceTree = "<group>"; };
		656ECC43240A8279007F93D4 /* Base */ = {isa = PBXFileReference; lastKnownFileType = file.storyboard; name = Base; path = Base.lproj/LaunchScreen.storyboard; sourceTree = "<group>"; };
		656ECC45240A8279007F93D4 /* Info.plist */ = {isa = PBXFileReference; lastKnownFileType = text.plist.xml; path = Info.plist; sourceTree = "<group>"; };
		656ECC4A240A8279007F93D4 /* NippfyTests.xctest */ = {isa = PBXFileReference; explicitFileType = wrapper.cfbundle; includeInIndex = 0; path = NippfyTests.xctest; sourceTree = BUILT_PRODUCTS_DIR; };
		656ECC4E240A8279007F93D4 /* NippfyTests.swift */ = {isa = PBXFileReference; lastKnownFileType = sourcecode.swift; path = NippfyTests.swift; sourceTree = "<group>"; };
		656ECC50240A8279007F93D4 /* Info.plist */ = {isa = PBXFileReference; lastKnownFileType = text.plist.xml; path = Info.plist; sourceTree = "<group>"; };
		656ECC55240A8279007F93D4 /* NippfyUITests.xctest */ = {isa = PBXFileReference; explicitFileType = wrapper.cfbundle; includeInIndex = 0; path = NippfyUITests.xctest; sourceTree = BUILT_PRODUCTS_DIR; };
		656ECC59240A8279007F93D4 /* NippfyUITests.swift */ = {isa = PBXFileReference; lastKnownFileType = sourcecode.swift; path = NippfyUITests.swift; sourceTree = "<group>"; };
		656ECC5B240A8279007F93D4 /* Info.plist */ = {isa = PBXFileReference; lastKnownFileType = text.plist.xml; path = Info.plist; sourceTree = "<group>"; };
		656ECC68240A83EA007F93D4 /* Colors.xcassets */ = {isa = PBXFileReference; lastKnownFileType = folder.assetcatalog; path = Colors.xcassets; sourceTree = "<group>"; };
		656ECC6B240A8413007F93D4 /* UIViewExtension.swift */ = {isa = PBXFileReference; lastKnownFileType = sourcecode.swift; path = UIViewExtension.swift; sourceTree = "<group>"; };
		656ECC6D240A8430007F93D4 /* UIButtonExtension.swift */ = {isa = PBXFileReference; lastKnownFileType = sourcecode.swift; path = UIButtonExtension.swift; sourceTree = "<group>"; };
		656ECC70240A846F007F93D4 /* DScrollView+.swift */ = {isa = PBXFileReference; lastKnownFileType = sourcecode.swift; path = "DScrollView+.swift"; sourceTree = "<group>"; };
		656ECC72240A848D007F93D4 /* DScrollViewElement.swift */ = {isa = PBXFileReference; lastKnownFileType = sourcecode.swift; path = DScrollViewElement.swift; sourceTree = "<group>"; };
		656ECC74240A84A9007F93D4 /* DScrollViewContainer.swift */ = {isa = PBXFileReference; lastKnownFileType = sourcecode.swift; path = DScrollViewContainer.swift; sourceTree = "<group>"; };
		656ECC76240A84BF007F93D4 /* DScrollView.swift */ = {isa = PBXFileReference; lastKnownFileType = sourcecode.swift; path = DScrollView.swift; sourceTree = "<group>"; };
		656ECC7A240A84EA007F93D4 /* Repository.swift */ = {isa = PBXFileReference; lastKnownFileType = sourcecode.swift; path = Repository.swift; sourceTree = "<group>"; };
		656ECC85240A859F007F93D4 /* LoginPresenter.swift */ = {isa = PBXFileReference; lastKnownFileType = sourcecode.swift; path = LoginPresenter.swift; sourceTree = "<group>"; };
		656ECC86240A859F007F93D4 /* LoginWorker.swift */ = {isa = PBXFileReference; lastKnownFileType = sourcecode.swift; path = LoginWorker.swift; sourceTree = "<group>"; };
		656ECC87240A859F007F93D4 /* LoginRouter.swift */ = {isa = PBXFileReference; lastKnownFileType = sourcecode.swift; path = LoginRouter.swift; sourceTree = "<group>"; };
		656ECC88240A859F007F93D4 /* LoginModels.swift */ = {isa = PBXFileReference; lastKnownFileType = sourcecode.swift; path = LoginModels.swift; sourceTree = "<group>"; };
		656ECC89240A859F007F93D4 /* LoginViewController.swift */ = {isa = PBXFileReference; lastKnownFileType = sourcecode.swift; path = LoginViewController.swift; sourceTree = "<group>"; };
		656ECC8A240A859F007F93D4 /* LoginInteractor.swift */ = {isa = PBXFileReference; lastKnownFileType = sourcecode.swift; path = LoginInteractor.swift; sourceTree = "<group>"; };
		656ECC91240A85DB007F93D4 /* LoginView.swift */ = {isa = PBXFileReference; lastKnownFileType = sourcecode.swift; path = LoginView.swift; sourceTree = "<group>"; };
		656ECC93240A85F2007F93D4 /* RegisterView.swift */ = {isa = PBXFileReference; lastKnownFileType = sourcecode.swift; path = RegisterView.swift; sourceTree = "<group>"; };
		656ECC95240A85FD007F93D4 /* RegisterPresenter.swift */ = {isa = PBXFileReference; lastKnownFileType = sourcecode.swift; path = RegisterPresenter.swift; sourceTree = "<group>"; };
		656ECC96240A85FD007F93D4 /* RegisterWorker.swift */ = {isa = PBXFileReference; lastKnownFileType = sourcecode.swift; path = RegisterWorker.swift; sourceTree = "<group>"; };
		656ECC97240A85FD007F93D4 /* RegisterRouter.swift */ = {isa = PBXFileReference; lastKnownFileType = sourcecode.swift; path = RegisterRouter.swift; sourceTree = "<group>"; };
		656ECC98240A85FD007F93D4 /* RegisterModels.swift */ = {isa = PBXFileReference; lastKnownFileType = sourcecode.swift; path = RegisterModels.swift; sourceTree = "<group>"; };
		656ECC99240A85FD007F93D4 /* RegisterViewController.swift */ = {isa = PBXFileReference; lastKnownFileType = sourcecode.swift; path = RegisterViewController.swift; sourceTree = "<group>"; };
		656ECC9A240A85FD007F93D4 /* RegisterInteractor.swift */ = {isa = PBXFileReference; lastKnownFileType = sourcecode.swift; path = RegisterInteractor.swift; sourceTree = "<group>"; };
		656ECCA1240A8621007F93D4 /* ForgottenPasswordView.swift */ = {isa = PBXFileReference; lastKnownFileType = sourcecode.swift; path = ForgottenPasswordView.swift; sourceTree = "<group>"; };
		656ECCA3240A8631007F93D4 /* ForgottenPasswordPresenter.swift */ = {isa = PBXFileReference; lastKnownFileType = sourcecode.swift; path = ForgottenPasswordPresenter.swift; sourceTree = "<group>"; };
		656ECCA4240A8631007F93D4 /* ForgottenPasswordWorker.swift */ = {isa = PBXFileReference; lastKnownFileType = sourcecode.swift; path = ForgottenPasswordWorker.swift; sourceTree = "<group>"; };
		656ECCA5240A8631007F93D4 /* ForgottenPasswordRouter.swift */ = {isa = PBXFileReference; lastKnownFileType = sourcecode.swift; path = ForgottenPasswordRouter.swift; sourceTree = "<group>"; };
		656ECCA6240A8631007F93D4 /* ForgottenPasswordModels.swift */ = {isa = PBXFileReference; lastKnownFileType = sourcecode.swift; path = ForgottenPasswordModels.swift; sourceTree = "<group>"; };
		656ECCA7240A8631007F93D4 /* ForgottenPasswordViewController.swift */ = {isa = PBXFileReference; lastKnownFileType = sourcecode.swift; path = ForgottenPasswordViewController.swift; sourceTree = "<group>"; };
		656ECCA8240A8631007F93D4 /* ForgottenPasswordInteractor.swift */ = {isa = PBXFileReference; lastKnownFileType = sourcecode.swift; path = ForgottenPasswordInteractor.swift; sourceTree = "<group>"; };
		656ECCAF240A8760007F93D4 /* Readme.md */ = {isa = PBXFileReference; lastKnownFileType = net.daringfireball.markdown; path = Readme.md; sourceTree = "<group>"; };
		656F81AE2422910D004AE4CF /* PaymentView.swift */ = {isa = PBXFileReference; lastKnownFileType = sourcecode.swift; path = PaymentView.swift; sourceTree = "<group>"; };
		656F81B02422911F004AE4CF /* PaymentPresenter.swift */ = {isa = PBXFileReference; lastKnownFileType = sourcecode.swift; path = PaymentPresenter.swift; sourceTree = "<group>"; };
		656F81B12422911F004AE4CF /* PaymentWorker.swift */ = {isa = PBXFileReference; lastKnownFileType = sourcecode.swift; path = PaymentWorker.swift; sourceTree = "<group>"; };
		656F81B22422911F004AE4CF /* PaymentRouter.swift */ = {isa = PBXFileReference; lastKnownFileType = sourcecode.swift; path = PaymentRouter.swift; sourceTree = "<group>"; };
		656F81B32422911F004AE4CF /* PaymentModels.swift */ = {isa = PBXFileReference; lastKnownFileType = sourcecode.swift; path = PaymentModels.swift; sourceTree = "<group>"; };
		656F81B42422911F004AE4CF /* PaymentViewController.swift */ = {isa = PBXFileReference; lastKnownFileType = sourcecode.swift; path = PaymentViewController.swift; sourceTree = "<group>"; };
		656F81B52422911F004AE4CF /* PaymentInteractor.swift */ = {isa = PBXFileReference; lastKnownFileType = sourcecode.swift; path = PaymentInteractor.swift; sourceTree = "<group>"; };
		656F81BC2422942D004AE4CF /* UIViewControllerExtension.swift */ = {isa = PBXFileReference; lastKnownFileType = sourcecode.swift; path = UIViewControllerExtension.swift; sourceTree = "<group>"; };
		656F81C02422AB1D004AE4CF /* WalletView.swift */ = {isa = PBXFileReference; lastKnownFileType = sourcecode.swift; path = WalletView.swift; sourceTree = "<group>"; };
		656F81C22422AB3A004AE4CF /* WalletPresenter.swift */ = {isa = PBXFileReference; lastKnownFileType = sourcecode.swift; path = WalletPresenter.swift; sourceTree = "<group>"; };
		656F81C32422AB3A004AE4CF /* WalletWorker.swift */ = {isa = PBXFileReference; lastKnownFileType = sourcecode.swift; path = WalletWorker.swift; sourceTree = "<group>"; };
		656F81C42422AB3A004AE4CF /* WalletRouter.swift */ = {isa = PBXFileReference; lastKnownFileType = sourcecode.swift; path = WalletRouter.swift; sourceTree = "<group>"; };
		656F81C52422AB3A004AE4CF /* WalletModels.swift */ = {isa = PBXFileReference; lastKnownFileType = sourcecode.swift; path = WalletModels.swift; sourceTree = "<group>"; };
		656F81C62422AB3A004AE4CF /* WalletViewController.swift */ = {isa = PBXFileReference; lastKnownFileType = sourcecode.swift; path = WalletViewController.swift; sourceTree = "<group>"; };
		656F81C72422AB3A004AE4CF /* WalletInteractor.swift */ = {isa = PBXFileReference; lastKnownFileType = sourcecode.swift; path = WalletInteractor.swift; sourceTree = "<group>"; };
		656F81CE24237979004AE4CF /* UIDeviceExtension.swift */ = {isa = PBXFileReference; lastKnownFileType = sourcecode.swift; path = UIDeviceExtension.swift; sourceTree = "<group>"; };
		65BFF1AF241ECB1000D03F26 /* Screenshot 2020-03-15 at 20.35.08.png */ = {isa = PBXFileReference; lastKnownFileType = image.png; path = "Screenshot 2020-03-15 at 20.35.08.png"; sourceTree = "<group>"; };
		65BFF1B0241ECB1000D03F26 /* Screenshot 2020-03-15 at 20.35.19.png */ = {isa = PBXFileReference; lastKnownFileType = image.png; path = "Screenshot 2020-03-15 at 20.35.19.png"; sourceTree = "<group>"; };
		65CD69632413B224000AB56C /* es */ = {isa = PBXFileReference; lastKnownFileType = text.plist.strings; name = es; path = es.lproj/Main.strings; sourceTree = "<group>"; };
		65CD69642413B225000AB56C /* es */ = {isa = PBXFileReference; lastKnownFileType = text.plist.strings; name = es; path = es.lproj/LaunchScreen.strings; sourceTree = "<group>"; };
		65CD69682413B244000AB56C /* es */ = {isa = PBXFileReference; lastKnownFileType = text.plist.strings; name = es; path = es.lproj/Localizable.strings; sourceTree = "<group>"; };
		65CD696A2413B24C000AB56C /* en */ = {isa = PBXFileReference; lastKnownFileType = text.plist.strings; name = en; path = en.lproj/Localizable.strings; sourceTree = "<group>"; };
		65E6E75124242EB1001E6736 /* TransactionCell.swift */ = {isa = PBXFileReference; lastKnownFileType = sourcecode.swift; path = TransactionCell.swift; sourceTree = "<group>"; };
		695AB60110DC7B99AC66CCFD /* Pods_NippfyTests.framework */ = {isa = PBXFileReference; explicitFileType = wrapper.framework; includeInIndex = 0; path = Pods_NippfyTests.framework; sourceTree = BUILT_PRODUCTS_DIR; };
		7826E1169C89AC3890AE313C /* Pods-NippfyTests.release.xcconfig */ = {isa = PBXFileReference; includeInIndex = 1; lastKnownFileType = text.xcconfig; name = "Pods-NippfyTests.release.xcconfig"; path = "Target Support Files/Pods-NippfyTests/Pods-NippfyTests.release.xcconfig"; sourceTree = "<group>"; };
		85E1111C06CE7CEC94C0A6A0 /* Pods-Nippfy.release.xcconfig */ = {isa = PBXFileReference; includeInIndex = 1; lastKnownFileType = text.xcconfig; name = "Pods-Nippfy.release.xcconfig"; path = "Target Support Files/Pods-Nippfy/Pods-Nippfy.release.xcconfig"; sourceTree = "<group>"; };
		B07F66E0803C7922310E54D1 /* Pods-Nippfy.debug.xcconfig */ = {isa = PBXFileReference; includeInIndex = 1; lastKnownFileType = text.xcconfig; name = "Pods-Nippfy.debug.xcconfig"; path = "Target Support Files/Pods-Nippfy/Pods-Nippfy.debug.xcconfig"; sourceTree = "<group>"; };
		BC33ACB83B948F1188827CB2 /* Pods_Nippfy_NippfyUITests.framework */ = {isa = PBXFileReference; explicitFileType = wrapper.framework; includeInIndex = 0; path = Pods_Nippfy_NippfyUITests.framework; sourceTree = BUILT_PRODUCTS_DIR; };
		CE4228A84CE399AA704CAACE /* Pods-Nippfy-NippfyUITests.debug.xcconfig */ = {isa = PBXFileReference; includeInIndex = 1; lastKnownFileType = text.xcconfig; name = "Pods-Nippfy-NippfyUITests.debug.xcconfig"; path = "Target Support Files/Pods-Nippfy-NippfyUITests/Pods-Nippfy-NippfyUITests.debug.xcconfig"; sourceTree = "<group>"; };
		E86BE1F21FD193601F70F2DD /* Pods-NippfyTests.debug.xcconfig */ = {isa = PBXFileReference; includeInIndex = 1; lastKnownFileType = text.xcconfig; name = "Pods-NippfyTests.debug.xcconfig"; path = "Target Support Files/Pods-NippfyTests/Pods-NippfyTests.debug.xcconfig"; sourceTree = "<group>"; };
/* End PBXFileReference section */

/* Begin PBXFrameworksBuildPhase section */
		656ECC31240A8275007F93D4 /* Frameworks */ = {
			isa = PBXFrameworksBuildPhase;
			buildActionMask = 2147483647;
			files = (
				98264F551602B5B889AB320C /* Pods_Nippfy.framework in Frameworks */,
			);
			runOnlyForDeploymentPostprocessing = 0;
		};
		656ECC47240A8279007F93D4 /* Frameworks */ = {
			isa = PBXFrameworksBuildPhase;
			buildActionMask = 2147483647;
			files = (
				075DBA569AA196D8FA4C8664 /* Pods_NippfyTests.framework in Frameworks */,
			);
			runOnlyForDeploymentPostprocessing = 0;
		};
		656ECC52240A8279007F93D4 /* Frameworks */ = {
			isa = PBXFrameworksBuildPhase;
			buildActionMask = 2147483647;
			files = (
				675F427D34CFD01AC9BF5A13 /* Pods_Nippfy_NippfyUITests.framework in Frameworks */,
			);
			runOnlyForDeploymentPostprocessing = 0;
		};
/* End PBXFrameworksBuildPhase section */

/* Begin PBXGroup section */
		5175BB4A368949F81D96A43A /* Frameworks */ = {
			isa = PBXGroup;
			children = (
				246A700076AD5F4E89680694 /* Pods_Nippfy.framework */,
				BC33ACB83B948F1188827CB2 /* Pods_Nippfy_NippfyUITests.framework */,
				695AB60110DC7B99AC66CCFD /* Pods_NippfyTests.framework */,
			);
			name = Frameworks;
			sourceTree = "<group>";
		};
		59398115250EAF913FE0878E /* Pods */ = {
			isa = PBXGroup;
			children = (
				B07F66E0803C7922310E54D1 /* Pods-Nippfy.debug.xcconfig */,
				85E1111C06CE7CEC94C0A6A0 /* Pods-Nippfy.release.xcconfig */,
				CE4228A84CE399AA704CAACE /* Pods-Nippfy-NippfyUITests.debug.xcconfig */,
				105BC543A6BA721FF050746C /* Pods-Nippfy-NippfyUITests.release.xcconfig */,
				E86BE1F21FD193601F70F2DD /* Pods-NippfyTests.debug.xcconfig */,
				7826E1169C89AC3890AE313C /* Pods-NippfyTests.release.xcconfig */,
			);
			path = Pods;
			sourceTree = "<group>";
		};
		656ECC2B240A8275007F93D4 = {
			isa = PBXGroup;
			children = (
				656ECCAF240A8760007F93D4 /* Readme.md */,
				656ECC36240A8275007F93D4 /* Nippfy */,
				656ECC4D240A8279007F93D4 /* NippfyTests */,
				656ECC58240A8279007F93D4 /* NippfyUITests */,
				656ECC35240A8275007F93D4 /* Products */,
				59398115250EAF913FE0878E /* Pods */,
				5175BB4A368949F81D96A43A /* Frameworks */,
			);
			sourceTree = "<group>";
		};
		656ECC35240A8275007F93D4 /* Products */ = {
			isa = PBXGroup;
			children = (
				656ECC34240A8275007F93D4 /* Nippfy.app */,
				656ECC4A240A8279007F93D4 /* NippfyTests.xctest */,
				656ECC55240A8279007F93D4 /* NippfyUITests.xctest */,
			);
			name = Products;
			sourceTree = "<group>";
		};
		656ECC36240A8275007F93D4 /* Nippfy */ = {
			isa = PBXGroup;
			children = (
				65CD69602413B046000AB56C /* Localizable */,
				656ECC7E240A8561007F93D4 /* Scenes */,
				656ECC7D240A854E007F93D4 /* Delegates */,
				656ECC7C240A8538007F93D4 /* Storyboards */,
				656ECC78240A84DA007F93D4 /* Data */,
				656ECC6F240A8455007F93D4 /* DScrollViewResources */,
				656ECC6A240A8400007F93D4 /* Extensions */,
				656ECC67240A83D4007F93D4 /* Assets */,
				656ECC3B240A8275007F93D4 /* ViewController.swift */,
				656ECC45240A8279007F93D4 /* Info.plist */,
			);
			path = Nippfy;
			sourceTree = "<group>";
		};
		656ECC4D240A8279007F93D4 /* NippfyTests */ = {
			isa = PBXGroup;
			children = (
				656ECC4E240A8279007F93D4 /* NippfyTests.swift */,
				656ECC50240A8279007F93D4 /* Info.plist */,
			);
			path = NippfyTests;
			sourceTree = "<group>";
		};
		656ECC58240A8279007F93D4 /* NippfyUITests */ = {
			isa = PBXGroup;
			children = (
				656ECC59240A8279007F93D4 /* NippfyUITests.swift */,
				656ECC5B240A8279007F93D4 /* Info.plist */,
			);
			path = NippfyUITests;
			sourceTree = "<group>";
		};
		656ECC67240A83D4007F93D4 /* Assets */ = {
			isa = PBXGroup;
			children = (
				65BFF1AE241ECAFA00D03F26 /* Readme Images */,
				656ECC40240A8279007F93D4 /* Assets.xcassets */,
				656ECC68240A83EA007F93D4 /* Colors.xcassets */,
			);
			path = Assets;
			sourceTree = "<group>";
		};
		656ECC6A240A8400007F93D4 /* Extensions */ = {
			isa = PBXGroup;
			children = (
				656ECC6B240A8413007F93D4 /* UIViewExtension.swift */,
				656ECC6D240A8430007F93D4 /* UIButtonExtension.swift */,
				656F81BC2422942D004AE4CF /* UIViewControllerExtension.swift */,
				656F81CE24237979004AE4CF /* UIDeviceExtension.swift */,
			);
			path = Extensions;
			sourceTree = "<group>";
		};
		656ECC6F240A8455007F93D4 /* DScrollViewResources */ = {
			isa = PBXGroup;
			children = (
				656ECC70240A846F007F93D4 /* DScrollView+.swift */,
				656ECC72240A848D007F93D4 /* DScrollViewElement.swift */,
				656ECC74240A84A9007F93D4 /* DScrollViewContainer.swift */,
				656ECC76240A84BF007F93D4 /* DScrollView.swift */,
			);
			path = DScrollViewResources;
			sourceTree = "<group>";
		};
		656ECC78240A84DA007F93D4 /* Data */ = {
			isa = PBXGroup;
			children = (
				656ECC79240A84DF007F93D4 /* Models */,
				656ECC7A240A84EA007F93D4 /* Repository.swift */,
			);
			path = Data;
			sourceTree = "<group>";
		};
		656ECC79240A84DF007F93D4 /* Models */ = {
			isa = PBXGroup;
			children = (
			);
			path = Models;
			sourceTree = "<group>";
		};
		656ECC7C240A8538007F93D4 /* Storyboards */ = {
			isa = PBXGroup;
			children = (
				656ECC3D240A8275007F93D4 /* Main.storyboard */,
				656ECC42240A8279007F93D4 /* LaunchScreen.storyboard */,
			);
			path = Storyboards;
			sourceTree = "<group>";
		};
		656ECC7D240A854E007F93D4 /* Delegates */ = {
			isa = PBXGroup;
			children = (
				656ECC37240A8275007F93D4 /* AppDelegate.swift */,
				656ECC39240A8275007F93D4 /* SceneDelegate.swift */,
			);
			path = Delegates;
			sourceTree = "<group>";
		};
		656ECC7E240A8561007F93D4 /* Scenes */ = {
			isa = PBXGroup;
			children = (
				656F81BE2422AB0D004AE4CF /* Wallet */,
				656F81AC242290F2004AE4CF /* Payment */,
				656ECC81240A8578007F93D4 /* ForgottenPassword */,
				656ECC80240A8573007F93D4 /* Register */,
				656ECC7F240A856D007F93D4 /* Login */,
			);
			path = Scenes;
			sourceTree = "<group>";
		};
		656ECC7F240A856D007F93D4 /* Login */ = {
			isa = PBXGroup;
			children = (
				656ECC84240A858D007F93D4 /* Views */,
				656ECC85240A859F007F93D4 /* LoginPresenter.swift */,
				656ECC86240A859F007F93D4 /* LoginWorker.swift */,
				656ECC87240A859F007F93D4 /* LoginRouter.swift */,
				656ECC88240A859F007F93D4 /* LoginModels.swift */,
				656ECC89240A859F007F93D4 /* LoginViewController.swift */,
				656ECC8A240A859F007F93D4 /* LoginInteractor.swift */,
			);
			path = Login;
			sourceTree = "<group>";
		};
		656ECC80240A8573007F93D4 /* Register */ = {
			isa = PBXGroup;
			children = (
				656ECC83240A8588007F93D4 /* Views */,
				656ECC95240A85FD007F93D4 /* RegisterPresenter.swift */,
				656ECC96240A85FD007F93D4 /* RegisterWorker.swift */,
				656ECC97240A85FD007F93D4 /* RegisterRouter.swift */,
				656ECC98240A85FD007F93D4 /* RegisterModels.swift */,
				656ECC99240A85FD007F93D4 /* RegisterViewController.swift */,
				656ECC9A240A85FD007F93D4 /* RegisterInteractor.swift */,
			);
			path = Register;
			sourceTree = "<group>";
		};
		656ECC81240A8578007F93D4 /* ForgottenPassword */ = {
			isa = PBXGroup;
			children = (
				656ECC82240A8584007F93D4 /* Views */,
				656ECCA3240A8631007F93D4 /* ForgottenPasswordPresenter.swift */,
				656ECCA4240A8631007F93D4 /* ForgottenPasswordWorker.swift */,
				656ECCA5240A8631007F93D4 /* ForgottenPasswordRouter.swift */,
				656ECCA6240A8631007F93D4 /* ForgottenPasswordModels.swift */,
				656ECCA7240A8631007F93D4 /* ForgottenPasswordViewController.swift */,
				656ECCA8240A8631007F93D4 /* ForgottenPasswordInteractor.swift */,
			);
			path = ForgottenPassword;
			sourceTree = "<group>";
		};
		656ECC82240A8584007F93D4 /* Views */ = {
			isa = PBXGroup;
			children = (
				656ECCA1240A8621007F93D4 /* ForgottenPasswordView.swift */,
			);
			path = Views;
			sourceTree = "<group>";
		};
		656ECC83240A8588007F93D4 /* Views */ = {
			isa = PBXGroup;
			children = (
				656ECC93240A85F2007F93D4 /* RegisterView.swift */,
			);
			path = Views;
			sourceTree = "<group>";
		};
		656ECC84240A858D007F93D4 /* Views */ = {
			isa = PBXGroup;
			children = (
				656ECC91240A85DB007F93D4 /* LoginView.swift */,
			);
			path = Views;
			sourceTree = "<group>";
		};
		656F81AC242290F2004AE4CF /* Payment */ = {
			isa = PBXGroup;
			children = (
				656F81AD242290FF004AE4CF /* Views */,
				656F81B02422911F004AE4CF /* PaymentPresenter.swift */,
				656F81B12422911F004AE4CF /* PaymentWorker.swift */,
				656F81B22422911F004AE4CF /* PaymentRouter.swift */,
				656F81B32422911F004AE4CF /* PaymentModels.swift */,
				656F81B42422911F004AE4CF /* PaymentViewController.swift */,
				656F81B52422911F004AE4CF /* PaymentInteractor.swift */,
			);
			path = Payment;
			sourceTree = "<group>";
		};
		656F81AD242290FF004AE4CF /* Views */ = {
			isa = PBXGroup;
			children = (
				656F81AE2422910D004AE4CF /* PaymentView.swift */,
			);
			path = Views;
			sourceTree = "<group>";
		};
		656F81BE2422AB0D004AE4CF /* Wallet */ = {
			isa = PBXGroup;
			children = (
				656F81BF2422AB13004AE4CF /* Views */,
				656F81C22422AB3A004AE4CF /* WalletPresenter.swift */,
				656F81C32422AB3A004AE4CF /* WalletWorker.swift */,
				656F81C42422AB3A004AE4CF /* WalletRouter.swift */,
				656F81C52422AB3A004AE4CF /* WalletModels.swift */,
				656F81C62422AB3A004AE4CF /* WalletViewController.swift */,
				656F81C72422AB3A004AE4CF /* WalletInteractor.swift */,
			);
			path = Wallet;
			sourceTree = "<group>";
		};
		656F81BF2422AB13004AE4CF /* Views */ = {
			isa = PBXGroup;
			children = (
				656F81C02422AB1D004AE4CF /* WalletView.swift */,
				65E6E75124242EB1001E6736 /* TransactionCell.swift */,
			);
			path = Views;
			sourceTree = "<group>";
		};
		65BFF1AE241ECAFA00D03F26 /* Readme Images */ = {
			isa = PBXGroup;
			children = (
				65BFF1AF241ECB1000D03F26 /* Screenshot 2020-03-15 at 20.35.08.png */,
				65BFF1B0241ECB1000D03F26 /* Screenshot 2020-03-15 at 20.35.19.png */,
			);
			path = "Readme Images";
			sourceTree = "<group>";
		};
		65CD69602413B046000AB56C /* Localizable */ = {
			isa = PBXGroup;
			children = (
				65CD69692413B244000AB56C /* Localizable.strings */,
			);
			path = Localizable;
			sourceTree = "<group>";
		};
/* End PBXGroup section */

/* Begin PBXNativeTarget section */
		656ECC33240A8275007F93D4 /* Nippfy */ = {
			isa = PBXNativeTarget;
			buildConfigurationList = 656ECC5E240A8279007F93D4 /* Build configuration list for PBXNativeTarget "Nippfy" */;
			buildPhases = (
				E70AE426DAF81D78EC1B41A5 /* [CP] Check Pods Manifest.lock */,
				656ECC30240A8275007F93D4 /* Sources */,
				656ECC31240A8275007F93D4 /* Frameworks */,
				656ECC32240A8275007F93D4 /* Resources */,
				086F0879CF26765C4C551431 /* [CP] Embed Pods Frameworks */,
			);
			buildRules = (
			);
			dependencies = (
			);
			name = Nippfy;
			productName = Nippfy;
			productReference = 656ECC34240A8275007F93D4 /* Nippfy.app */;
			productType = "com.apple.product-type.application";
		};
		656ECC49240A8279007F93D4 /* NippfyTests */ = {
			isa = PBXNativeTarget;
			buildConfigurationList = 656ECC61240A8279007F93D4 /* Build configuration list for PBXNativeTarget "NippfyTests" */;
			buildPhases = (
				76F3356D53108309B9CF38ED /* [CP] Check Pods Manifest.lock */,
				656ECC46240A8279007F93D4 /* Sources */,
				656ECC47240A8279007F93D4 /* Frameworks */,
				656ECC48240A8279007F93D4 /* Resources */,
			);
			buildRules = (
			);
			dependencies = (
				656ECC4C240A8279007F93D4 /* PBXTargetDependency */,
			);
			name = NippfyTests;
			productName = NippfyTests;
			productReference = 656ECC4A240A8279007F93D4 /* NippfyTests.xctest */;
			productType = "com.apple.product-type.bundle.unit-test";
		};
		656ECC54240A8279007F93D4 /* NippfyUITests */ = {
			isa = PBXNativeTarget;
			buildConfigurationList = 656ECC64240A8279007F93D4 /* Build configuration list for PBXNativeTarget "NippfyUITests" */;
			buildPhases = (
				9774B0EEFD3B91EF93AAA0AD /* [CP] Check Pods Manifest.lock */,
				656ECC51240A8279007F93D4 /* Sources */,
				656ECC52240A8279007F93D4 /* Frameworks */,
				656ECC53240A8279007F93D4 /* Resources */,
				6BBAA9772D558A056BF8BA94 /* [CP] Embed Pods Frameworks */,
			);
			buildRules = (
			);
			dependencies = (
				656ECC57240A8279007F93D4 /* PBXTargetDependency */,
			);
			name = NippfyUITests;
			productName = NippfyUITests;
			productReference = 656ECC55240A8279007F93D4 /* NippfyUITests.xctest */;
			productType = "com.apple.product-type.bundle.ui-testing";
		};
/* End PBXNativeTarget section */

/* Begin PBXProject section */
		656ECC2C240A8275007F93D4 /* Project object */ = {
			isa = PBXProject;
			attributes = {
				LastSwiftUpdateCheck = 1130;
				LastUpgradeCheck = 1130;
				ORGANIZATIONNAME = "Manuel Salvador del Águila";
				TargetAttributes = {
					656ECC33240A8275007F93D4 = {
						CreatedOnToolsVersion = 11.3.1;
					};
					656ECC49240A8279007F93D4 = {
						CreatedOnToolsVersion = 11.3.1;
						TestTargetID = 656ECC33240A8275007F93D4;
					};
					656ECC54240A8279007F93D4 = {
						CreatedOnToolsVersion = 11.3.1;
						TestTargetID = 656ECC33240A8275007F93D4;
					};
				};
			};
			buildConfigurationList = 656ECC2F240A8275007F93D4 /* Build configuration list for PBXProject "Nippfy" */;
			compatibilityVersion = "Xcode 9.3";
			developmentRegion = en;
			hasScannedForEncodings = 0;
			knownRegions = (
				en,
				Base,
				es,
			);
			mainGroup = 656ECC2B240A8275007F93D4;
			productRefGroup = 656ECC35240A8275007F93D4 /* Products */;
			projectDirPath = "";
			projectRoot = "";
			targets = (
				656ECC33240A8275007F93D4 /* Nippfy */,
				656ECC49240A8279007F93D4 /* NippfyTests */,
				656ECC54240A8279007F93D4 /* NippfyUITests */,
			);
		};
/* End PBXProject section */

/* Begin PBXResourcesBuildPhase section */
		656ECC32240A8275007F93D4 /* Resources */ = {
			isa = PBXResourcesBuildPhase;
			buildActionMask = 2147483647;
			files = (
				656ECCB0240A8761007F93D4 /* Readme.md in Resources */,
				65CD69672413B244000AB56C /* Localizable.strings in Resources */,
				65BFF1B2241ECB1100D03F26 /* Screenshot 2020-03-15 at 20.35.19.png in Resources */,
				656ECC44240A8279007F93D4 /* LaunchScreen.storyboard in Resources */,
				656ECC69240A83EA007F93D4 /* Colors.xcassets in Resources */,
				656ECC41240A8279007F93D4 /* Assets.xcassets in Resources */,
				656ECC3F240A8275007F93D4 /* Main.storyboard in Resources */,
				65BFF1B1241ECB1100D03F26 /* Screenshot 2020-03-15 at 20.35.08.png in Resources */,
			);
			runOnlyForDeploymentPostprocessing = 0;
		};
		656ECC48240A8279007F93D4 /* Resources */ = {
			isa = PBXResourcesBuildPhase;
			buildActionMask = 2147483647;
			files = (
			);
			runOnlyForDeploymentPostprocessing = 0;
		};
		656ECC53240A8279007F93D4 /* Resources */ = {
			isa = PBXResourcesBuildPhase;
			buildActionMask = 2147483647;
			files = (
			);
			runOnlyForDeploymentPostprocessing = 0;
		};
/* End PBXResourcesBuildPhase section */

/* Begin PBXShellScriptBuildPhase section */
		086F0879CF26765C4C551431 /* [CP] Embed Pods Frameworks */ = {
			isa = PBXShellScriptBuildPhase;
			buildActionMask = 2147483647;
			files = (
			);
			inputFileListPaths = (
				"${PODS_ROOT}/Target Support Files/Pods-Nippfy/Pods-Nippfy-frameworks-${CONFIGURATION}-input-files.xcfilelist",
			);
			name = "[CP] Embed Pods Frameworks";
			outputFileListPaths = (
				"${PODS_ROOT}/Target Support Files/Pods-Nippfy/Pods-Nippfy-frameworks-${CONFIGURATION}-output-files.xcfilelist",
			);
			runOnlyForDeploymentPostprocessing = 0;
			shellPath = /bin/sh;
			shellScript = "\"${PODS_ROOT}/Target Support Files/Pods-Nippfy/Pods-Nippfy-frameworks.sh\"\n";
			showEnvVarsInLog = 0;
		};
		6BBAA9772D558A056BF8BA94 /* [CP] Embed Pods Frameworks */ = {
			isa = PBXShellScriptBuildPhase;
			buildActionMask = 2147483647;
			files = (
			);
			inputFileListPaths = (
				"${PODS_ROOT}/Target Support Files/Pods-Nippfy-NippfyUITests/Pods-Nippfy-NippfyUITests-frameworks-${CONFIGURATION}-input-files.xcfilelist",
			);
			name = "[CP] Embed Pods Frameworks";
			outputFileListPaths = (
				"${PODS_ROOT}/Target Support Files/Pods-Nippfy-NippfyUITests/Pods-Nippfy-NippfyUITests-frameworks-${CONFIGURATION}-output-files.xcfilelist",
			);
			runOnlyForDeploymentPostprocessing = 0;
			shellPath = /bin/sh;
			shellScript = "\"${PODS_ROOT}/Target Support Files/Pods-Nippfy-NippfyUITests/Pods-Nippfy-NippfyUITests-frameworks.sh\"\n";
			showEnvVarsInLog = 0;
		};
		76F3356D53108309B9CF38ED /* [CP] Check Pods Manifest.lock */ = {
			isa = PBXShellScriptBuildPhase;
			buildActionMask = 2147483647;
			files = (
			);
			inputFileListPaths = (
			);
			inputPaths = (
				"${PODS_PODFILE_DIR_PATH}/Podfile.lock",
				"${PODS_ROOT}/Manifest.lock",
			);
			name = "[CP] Check Pods Manifest.lock";
			outputFileListPaths = (
			);
			outputPaths = (
				"$(DERIVED_FILE_DIR)/Pods-NippfyTests-checkManifestLockResult.txt",
			);
			runOnlyForDeploymentPostprocessing = 0;
			shellPath = /bin/sh;
			shellScript = "diff \"${PODS_PODFILE_DIR_PATH}/Podfile.lock\" \"${PODS_ROOT}/Manifest.lock\" > /dev/null\nif [ $? != 0 ] ; then\n    # print error to STDERR\n    echo \"error: The sandbox is not in sync with the Podfile.lock. Run 'pod install' or update your CocoaPods installation.\" >&2\n    exit 1\nfi\n# This output is used by Xcode 'outputs' to avoid re-running this script phase.\necho \"SUCCESS\" > \"${SCRIPT_OUTPUT_FILE_0}\"\n";
			showEnvVarsInLog = 0;
		};
		9774B0EEFD3B91EF93AAA0AD /* [CP] Check Pods Manifest.lock */ = {
			isa = PBXShellScriptBuildPhase;
			buildActionMask = 2147483647;
			files = (
			);
			inputFileListPaths = (
			);
			inputPaths = (
				"${PODS_PODFILE_DIR_PATH}/Podfile.lock",
				"${PODS_ROOT}/Manifest.lock",
			);
			name = "[CP] Check Pods Manifest.lock";
			outputFileListPaths = (
			);
			outputPaths = (
				"$(DERIVED_FILE_DIR)/Pods-Nippfy-NippfyUITests-checkManifestLockResult.txt",
			);
			runOnlyForDeploymentPostprocessing = 0;
			shellPath = /bin/sh;
			shellScript = "diff \"${PODS_PODFILE_DIR_PATH}/Podfile.lock\" \"${PODS_ROOT}/Manifest.lock\" > /dev/null\nif [ $? != 0 ] ; then\n    # print error to STDERR\n    echo \"error: The sandbox is not in sync with the Podfile.lock. Run 'pod install' or update your CocoaPods installation.\" >&2\n    exit 1\nfi\n# This output is used by Xcode 'outputs' to avoid re-running this script phase.\necho \"SUCCESS\" > \"${SCRIPT_OUTPUT_FILE_0}\"\n";
			showEnvVarsInLog = 0;
		};
		E70AE426DAF81D78EC1B41A5 /* [CP] Check Pods Manifest.lock */ = {
			isa = PBXShellScriptBuildPhase;
			buildActionMask = 2147483647;
			files = (
			);
			inputFileListPaths = (
			);
			inputPaths = (
				"${PODS_PODFILE_DIR_PATH}/Podfile.lock",
				"${PODS_ROOT}/Manifest.lock",
			);
			name = "[CP] Check Pods Manifest.lock";
			outputFileListPaths = (
			);
			outputPaths = (
				"$(DERIVED_FILE_DIR)/Pods-Nippfy-checkManifestLockResult.txt",
			);
			runOnlyForDeploymentPostprocessing = 0;
			shellPath = /bin/sh;
			shellScript = "diff \"${PODS_PODFILE_DIR_PATH}/Podfile.lock\" \"${PODS_ROOT}/Manifest.lock\" > /dev/null\nif [ $? != 0 ] ; then\n    # print error to STDERR\n    echo \"error: The sandbox is not in sync with the Podfile.lock. Run 'pod install' or update your CocoaPods installation.\" >&2\n    exit 1\nfi\n# This output is used by Xcode 'outputs' to avoid re-running this script phase.\necho \"SUCCESS\" > \"${SCRIPT_OUTPUT_FILE_0}\"\n";
			showEnvVarsInLog = 0;
		};
/* End PBXShellScriptBuildPhase section */

/* Begin PBXSourcesBuildPhase section */
		656ECC30240A8275007F93D4 /* Sources */ = {
			isa = PBXSourcesBuildPhase;
			buildActionMask = 2147483647;
			files = (
				656ECC77240A84BF007F93D4 /* DScrollView.swift in Sources */,
				656ECC3C240A8275007F93D4 /* ViewController.swift in Sources */,
				656ECCA9240A8631007F93D4 /* ForgottenPasswordPresenter.swift in Sources */,
				656ECC6E240A8430007F93D4 /* UIButtonExtension.swift in Sources */,
				656ECCAB240A8631007F93D4 /* ForgottenPasswordRouter.swift in Sources */,
				656F81AF2422910D004AE4CF /* PaymentView.swift in Sources */,
				656F81B72422911F004AE4CF /* PaymentWorker.swift in Sources */,
				656ECCA0240A85FD007F93D4 /* RegisterInteractor.swift in Sources */,
				656ECC8F240A859F007F93D4 /* LoginViewController.swift in Sources */,
				656F81BA2422911F004AE4CF /* PaymentViewController.swift in Sources */,
				656ECC90240A859F007F93D4 /* LoginInteractor.swift in Sources */,
				656F81CA2422AB3A004AE4CF /* WalletRouter.swift in Sources */,
				656ECC9D240A85FD007F93D4 /* RegisterRouter.swift in Sources */,
				656ECCAA240A8631007F93D4 /* ForgottenPasswordWorker.swift in Sources */,
				656F81CC2422AB3A004AE4CF /* WalletViewController.swift in Sources */,
				656F81B92422911F004AE4CF /* PaymentModels.swift in Sources */,
				656ECC38240A8275007F93D4 /* AppDelegate.swift in Sources */,
				656ECC8B240A859F007F93D4 /* LoginPresenter.swift in Sources */,
				656ECC9E240A85FD007F93D4 /* RegisterModels.swift in Sources */,
				656ECC6C240A8413007F93D4 /* UIViewExtension.swift in Sources */,
				656ECCA2240A8621007F93D4 /* ForgottenPasswordView.swift in Sources */,
				656ECC71240A846F007F93D4 /* DScrollView+.swift in Sources */,
				656ECC94240A85F2007F93D4 /* RegisterView.swift in Sources */,
				656F81CB2422AB3A004AE4CF /* WalletModels.swift in Sources */,
				656ECC73240A848D007F93D4 /* DScrollViewElement.swift in Sources */,
				656F81B62422911F004AE4CF /* PaymentPresenter.swift in Sources */,
				656ECC9B240A85FD007F93D4 /* RegisterPresenter.swift in Sources */,
				656F81B82422911F004AE4CF /* PaymentRouter.swift in Sources */,
				656ECCAE240A8631007F93D4 /* ForgottenPasswordInteractor.swift in Sources */,
				656ECC9F240A85FD007F93D4 /* RegisterViewController.swift in Sources */,
				656ECC92240A85DB007F93D4 /* LoginView.swift in Sources */,
				656ECC7B240A84EA007F93D4 /* Repository.swift in Sources */,
				656ECC9C240A85FD007F93D4 /* RegisterWorker.swift in Sources */,
				656ECC8E240A859F007F93D4 /* LoginModels.swift in Sources */,
				656F81C12422AB1D004AE4CF /* WalletView.swift in Sources */,
				656ECCAD240A8631007F93D4 /* ForgottenPasswordViewController.swift in Sources */,
				656F81C82422AB3A004AE4CF /* WalletPresenter.swift in Sources */,
				656F81CF2423797A004AE4CF /* UIDeviceExtension.swift in Sources */,
				65E6E75224242EB1001E6736 /* TransactionCell.swift in Sources */,
				656F81CD2422AB3A004AE4CF /* WalletInteractor.swift in Sources */,
				656ECC75240A84A9007F93D4 /* DScrollViewContainer.swift in Sources */,
				656F81BB2422911F004AE4CF /* PaymentInteractor.swift in Sources */,
				656F81C92422AB3A004AE4CF /* WalletWorker.swift in Sources */,
				656ECC3A240A8275007F93D4 /* SceneDelegate.swift in Sources */,
				656F81BD2422942D004AE4CF /* UIViewControllerExtension.swift in Sources */,
				656ECC8D240A859F007F93D4 /* LoginRouter.swift in Sources */,
				656ECC8C240A859F007F93D4 /* LoginWorker.swift in Sources */,
				656ECCAC240A8631007F93D4 /* ForgottenPasswordModels.swift in Sources */,
			);
			runOnlyForDeploymentPostprocessing = 0;
		};
		656ECC46240A8279007F93D4 /* Sources */ = {
			isa = PBXSourcesBuildPhase;
			buildActionMask = 2147483647;
			files = (
				656ECC4F240A8279007F93D4 /* NippfyTests.swift in Sources */,
			);
			runOnlyForDeploymentPostprocessing = 0;
		};
		656ECC51240A8279007F93D4 /* Sources */ = {
			isa = PBXSourcesBuildPhase;
			buildActionMask = 2147483647;
			files = (
				656ECC5A240A8279007F93D4 /* NippfyUITests.swift in Sources */,
			);
			runOnlyForDeploymentPostprocessing = 0;
		};
/* End PBXSourcesBuildPhase section */

/* Begin PBXTargetDependency section */
		656ECC4C240A8279007F93D4 /* PBXTargetDependency */ = {
			isa = PBXTargetDependency;
			target = 656ECC33240A8275007F93D4 /* Nippfy */;
			targetProxy = 656ECC4B240A8279007F93D4 /* PBXContainerItemProxy */;
		};
		656ECC57240A8279007F93D4 /* PBXTargetDependency */ = {
			isa = PBXTargetDependency;
			target = 656ECC33240A8275007F93D4 /* Nippfy */;
			targetProxy = 656ECC56240A8279007F93D4 /* PBXContainerItemProxy */;
		};
/* End PBXTargetDependency section */

/* Begin PBXVariantGroup section */
		656ECC3D240A8275007F93D4 /* Main.storyboard */ = {
			isa = PBXVariantGroup;
			children = (
				656ECC3E240A8275007F93D4 /* Base */,
				65CD69632413B224000AB56C /* es */,
			);
			name = Main.storyboard;
			sourceTree = "<group>";
		};
		656ECC42240A8279007F93D4 /* LaunchScreen.storyboard */ = {
			isa = PBXVariantGroup;
			children = (
				656ECC43240A8279007F93D4 /* Base */,
				65CD69642413B225000AB56C /* es */,
			);
			name = LaunchScreen.storyboard;
			sourceTree = "<group>";
		};
		65CD69692413B244000AB56C /* Localizable.strings */ = {
			isa = PBXVariantGroup;
			children = (
				65CD69682413B244000AB56C /* es */,
				65CD696A2413B24C000AB56C /* en */,
			);
			name = Localizable.strings;
			sourceTree = "<group>";
		};
/* End PBXVariantGroup section */

/* Begin XCBuildConfiguration section */
		656ECC5C240A8279007F93D4 /* Debug */ = {
			isa = XCBuildConfiguration;
			buildSettings = {
				ALWAYS_SEARCH_USER_PATHS = NO;
				CLANG_ANALYZER_LOCALIZABILITY_NONLOCALIZED = YES;
				CLANG_ANALYZER_NONNULL = YES;
				CLANG_ANALYZER_NUMBER_OBJECT_CONVERSION = YES_AGGRESSIVE;
				CLANG_CXX_LANGUAGE_STANDARD = "gnu++14";
				CLANG_CXX_LIBRARY = "libc++";
				CLANG_ENABLE_MODULES = YES;
				CLANG_ENABLE_OBJC_ARC = YES;
				CLANG_ENABLE_OBJC_WEAK = YES;
				CLANG_WARN_BLOCK_CAPTURE_AUTORELEASING = YES;
				CLANG_WARN_BOOL_CONVERSION = YES;
				CLANG_WARN_COMMA = YES;
				CLANG_WARN_CONSTANT_CONVERSION = YES;
				CLANG_WARN_DEPRECATED_OBJC_IMPLEMENTATIONS = YES;
				CLANG_WARN_DIRECT_OBJC_ISA_USAGE = YES_ERROR;
				CLANG_WARN_DOCUMENTATION_COMMENTS = YES;
				CLANG_WARN_EMPTY_BODY = YES;
				CLANG_WARN_ENUM_CONVERSION = YES;
				CLANG_WARN_INFINITE_RECURSION = YES;
				CLANG_WARN_INT_CONVERSION = YES;
				CLANG_WARN_NON_LITERAL_NULL_CONVERSION = YES;
				CLANG_WARN_OBJC_IMPLICIT_RETAIN_SELF = YES;
				CLANG_WARN_OBJC_LITERAL_CONVERSION = YES;
				CLANG_WARN_OBJC_ROOT_CLASS = YES_ERROR;
				CLANG_WARN_RANGE_LOOP_ANALYSIS = YES;
				CLANG_WARN_STRICT_PROTOTYPES = YES;
				CLANG_WARN_SUSPICIOUS_MOVE = YES;
				CLANG_WARN_UNGUARDED_AVAILABILITY = YES_AGGRESSIVE;
				CLANG_WARN_UNREACHABLE_CODE = YES;
				CLANG_WARN__DUPLICATE_METHOD_MATCH = YES;
				COPY_PHASE_STRIP = NO;
				DEBUG_INFORMATION_FORMAT = dwarf;
				ENABLE_STRICT_OBJC_MSGSEND = YES;
				ENABLE_TESTABILITY = YES;
				GCC_C_LANGUAGE_STANDARD = gnu11;
				GCC_DYNAMIC_NO_PIC = NO;
				GCC_NO_COMMON_BLOCKS = YES;
				GCC_OPTIMIZATION_LEVEL = 0;
				GCC_PREPROCESSOR_DEFINITIONS = (
					"DEBUG=1",
					"$(inherited)",
				);
				GCC_WARN_64_TO_32_BIT_CONVERSION = YES;
				GCC_WARN_ABOUT_RETURN_TYPE = YES_ERROR;
				GCC_WARN_UNDECLARED_SELECTOR = YES;
				GCC_WARN_UNINITIALIZED_AUTOS = YES_AGGRESSIVE;
				GCC_WARN_UNUSED_FUNCTION = YES;
				GCC_WARN_UNUSED_VARIABLE = YES;
				IPHONEOS_DEPLOYMENT_TARGET = 13.2;
				MTL_ENABLE_DEBUG_INFO = INCLUDE_SOURCE;
				MTL_FAST_MATH = YES;
				ONLY_ACTIVE_ARCH = YES;
				SDKROOT = iphoneos;
				SWIFT_ACTIVE_COMPILATION_CONDITIONS = DEBUG;
				SWIFT_OPTIMIZATION_LEVEL = "-Onone";
			};
			name = Debug;
		};
		656ECC5D240A8279007F93D4 /* Release */ = {
			isa = XCBuildConfiguration;
			buildSettings = {
				ALWAYS_SEARCH_USER_PATHS = NO;
				CLANG_ANALYZER_LOCALIZABILITY_NONLOCALIZED = YES;
				CLANG_ANALYZER_NONNULL = YES;
				CLANG_ANALYZER_NUMBER_OBJECT_CONVERSION = YES_AGGRESSIVE;
				CLANG_CXX_LANGUAGE_STANDARD = "gnu++14";
				CLANG_CXX_LIBRARY = "libc++";
				CLANG_ENABLE_MODULES = YES;
				CLANG_ENABLE_OBJC_ARC = YES;
				CLANG_ENABLE_OBJC_WEAK = YES;
				CLANG_WARN_BLOCK_CAPTURE_AUTORELEASING = YES;
				CLANG_WARN_BOOL_CONVERSION = YES;
				CLANG_WARN_COMMA = YES;
				CLANG_WARN_CONSTANT_CONVERSION = YES;
				CLANG_WARN_DEPRECATED_OBJC_IMPLEMENTATIONS = YES;
				CLANG_WARN_DIRECT_OBJC_ISA_USAGE = YES_ERROR;
				CLANG_WARN_DOCUMENTATION_COMMENTS = YES;
				CLANG_WARN_EMPTY_BODY = YES;
				CLANG_WARN_ENUM_CONVERSION = YES;
				CLANG_WARN_INFINITE_RECURSION = YES;
				CLANG_WARN_INT_CONVERSION = YES;
				CLANG_WARN_NON_LITERAL_NULL_CONVERSION = YES;
				CLANG_WARN_OBJC_IMPLICIT_RETAIN_SELF = YES;
				CLANG_WARN_OBJC_LITERAL_CONVERSION = YES;
				CLANG_WARN_OBJC_ROOT_CLASS = YES_ERROR;
				CLANG_WARN_RANGE_LOOP_ANALYSIS = YES;
				CLANG_WARN_STRICT_PROTOTYPES = YES;
				CLANG_WARN_SUSPICIOUS_MOVE = YES;
				CLANG_WARN_UNGUARDED_AVAILABILITY = YES_AGGRESSIVE;
				CLANG_WARN_UNREACHABLE_CODE = YES;
				CLANG_WARN__DUPLICATE_METHOD_MATCH = YES;
				COPY_PHASE_STRIP = NO;
				DEBUG_INFORMATION_FORMAT = "dwarf-with-dsym";
				ENABLE_NS_ASSERTIONS = NO;
				ENABLE_STRICT_OBJC_MSGSEND = YES;
				GCC_C_LANGUAGE_STANDARD = gnu11;
				GCC_NO_COMMON_BLOCKS = YES;
				GCC_WARN_64_TO_32_BIT_CONVERSION = YES;
				GCC_WARN_ABOUT_RETURN_TYPE = YES_ERROR;
				GCC_WARN_UNDECLARED_SELECTOR = YES;
				GCC_WARN_UNINITIALIZED_AUTOS = YES_AGGRESSIVE;
				GCC_WARN_UNUSED_FUNCTION = YES;
				GCC_WARN_UNUSED_VARIABLE = YES;
				IPHONEOS_DEPLOYMENT_TARGET = 13.2;
				MTL_ENABLE_DEBUG_INFO = NO;
				MTL_FAST_MATH = YES;
				SDKROOT = iphoneos;
				SWIFT_COMPILATION_MODE = wholemodule;
				SWIFT_OPTIMIZATION_LEVEL = "-O";
				VALIDATE_PRODUCT = YES;
			};
			name = Release;
		};
		656ECC5F240A8279007F93D4 /* Debug */ = {
			isa = XCBuildConfiguration;
			baseConfigurationReference = B07F66E0803C7922310E54D1 /* Pods-Nippfy.debug.xcconfig */;
			buildSettings = {
				ASSETCATALOG_COMPILER_APPICON_NAME = AppIcon;
				CODE_SIGN_STYLE = Automatic;
				DEVELOPMENT_TEAM = 7Y7RMB259L;
				INFOPLIST_FILE = Nippfy/Info.plist;
				IPHONEOS_DEPLOYMENT_TARGET = 12.0;
				LD_RUNPATH_SEARCH_PATHS = (
					"$(inherited)",
					"@executable_path/Frameworks",
				);
				PRODUCT_BUNDLE_IDENTIFIER = es.msalaguila.Nippfy;
				PRODUCT_NAME = "$(TARGET_NAME)";
				SWIFT_VERSION = 5.0;
				TARGETED_DEVICE_FAMILY = "1,2";
			};
			name = Debug;
		};
		656ECC60240A8279007F93D4 /* Release */ = {
			isa = XCBuildConfiguration;
			baseConfigurationReference = 85E1111C06CE7CEC94C0A6A0 /* Pods-Nippfy.release.xcconfig */;
			buildSettings = {
				ASSETCATALOG_COMPILER_APPICON_NAME = AppIcon;
				CODE_SIGN_STYLE = Automatic;
				DEVELOPMENT_TEAM = 7Y7RMB259L;
				INFOPLIST_FILE = Nippfy/Info.plist;
				IPHONEOS_DEPLOYMENT_TARGET = 12.0;
				LD_RUNPATH_SEARCH_PATHS = (
					"$(inherited)",
					"@executable_path/Frameworks",
				);
				PRODUCT_BUNDLE_IDENTIFIER = es.msalaguila.Nippfy;
				PRODUCT_NAME = "$(TARGET_NAME)";
				SWIFT_VERSION = 5.0;
				TARGETED_DEVICE_FAMILY = "1,2";
			};
			name = Release;
		};
		656ECC62240A8279007F93D4 /* Debug */ = {
			isa = XCBuildConfiguration;
			baseConfigurationReference = E86BE1F21FD193601F70F2DD /* Pods-NippfyTests.debug.xcconfig */;
			buildSettings = {
				ALWAYS_EMBED_SWIFT_STANDARD_LIBRARIES = YES;
				BUNDLE_LOADER = "$(TEST_HOST)";
				CODE_SIGN_STYLE = Automatic;
				DEVELOPMENT_TEAM = 7Y7RMB259L;
				INFOPLIST_FILE = NippfyTests/Info.plist;
				IPHONEOS_DEPLOYMENT_TARGET = 13.2;
				LD_RUNPATH_SEARCH_PATHS = (
					"$(inherited)",
					"@executable_path/Frameworks",
					"@loader_path/Frameworks",
				);
				PRODUCT_BUNDLE_IDENTIFIER = es.msalaguila.NippfyTests;
				PRODUCT_NAME = "$(TARGET_NAME)";
				SWIFT_VERSION = 5.0;
				TARGETED_DEVICE_FAMILY = "1,2";
				TEST_HOST = "$(BUILT_PRODUCTS_DIR)/Nippfy.app/Nippfy";
			};
			name = Debug;
		};
		656ECC63240A8279007F93D4 /* Release */ = {
			isa = XCBuildConfiguration;
			baseConfigurationReference = 7826E1169C89AC3890AE313C /* Pods-NippfyTests.release.xcconfig */;
			buildSettings = {
				ALWAYS_EMBED_SWIFT_STANDARD_LIBRARIES = YES;
				BUNDLE_LOADER = "$(TEST_HOST)";
				CODE_SIGN_STYLE = Automatic;
				DEVELOPMENT_TEAM = 7Y7RMB259L;
				INFOPLIST_FILE = NippfyTests/Info.plist;
				IPHONEOS_DEPLOYMENT_TARGET = 13.2;
				LD_RUNPATH_SEARCH_PATHS = (
					"$(inherited)",
					"@executable_path/Frameworks",
					"@loader_path/Frameworks",
				);
				PRODUCT_BUNDLE_IDENTIFIER = es.msalaguila.NippfyTests;
				PRODUCT_NAME = "$(TARGET_NAME)";
				SWIFT_VERSION = 5.0;
				TARGETED_DEVICE_FAMILY = "1,2";
				TEST_HOST = "$(BUILT_PRODUCTS_DIR)/Nippfy.app/Nippfy";
			};
			name = Release;
		};
		656ECC65240A8279007F93D4 /* Debug */ = {
			isa = XCBuildConfiguration;
			baseConfigurationReference = CE4228A84CE399AA704CAACE /* Pods-Nippfy-NippfyUITests.debug.xcconfig */;
			buildSettings = {
				ALWAYS_EMBED_SWIFT_STANDARD_LIBRARIES = YES;
				CODE_SIGN_STYLE = Automatic;
				DEVELOPMENT_TEAM = 7Y7RMB259L;
				INFOPLIST_FILE = NippfyUITests/Info.plist;
				LD_RUNPATH_SEARCH_PATHS = (
					"$(inherited)",
					"@executable_path/Frameworks",
					"@loader_path/Frameworks",
				);
				PRODUCT_BUNDLE_IDENTIFIER = es.msalaguila.NippfyUITests;
				PRODUCT_NAME = "$(TARGET_NAME)";
				SWIFT_VERSION = 5.0;
				TARGETED_DEVICE_FAMILY = "1,2";
				TEST_TARGET_NAME = Nippfy;
			};
			name = Debug;
		};
		656ECC66240A8279007F93D4 /* Release */ = {
			isa = XCBuildConfiguration;
			baseConfigurationReference = 105BC543A6BA721FF050746C /* Pods-Nippfy-NippfyUITests.release.xcconfig */;
			buildSettings = {
				ALWAYS_EMBED_SWIFT_STANDARD_LIBRARIES = YES;
				CODE_SIGN_STYLE = Automatic;
				DEVELOPMENT_TEAM = 7Y7RMB259L;
				INFOPLIST_FILE = NippfyUITests/Info.plist;
				LD_RUNPATH_SEARCH_PATHS = (
					"$(inherited)",
					"@executable_path/Frameworks",
					"@loader_path/Frameworks",
				);
				PRODUCT_BUNDLE_IDENTIFIER = es.msalaguila.NippfyUITests;
				PRODUCT_NAME = "$(TARGET_NAME)";
				SWIFT_VERSION = 5.0;
				TARGETED_DEVICE_FAMILY = "1,2";
				TEST_TARGET_NAME = Nippfy;
			};
			name = Release;
		};
/* End XCBuildConfiguration section */

/* Begin XCConfigurationList section */
		656ECC2F240A8275007F93D4 /* Build configuration list for PBXProject "Nippfy" */ = {
			isa = XCConfigurationList;
			buildConfigurations = (
				656ECC5C240A8279007F93D4 /* Debug */,
				656ECC5D240A8279007F93D4 /* Release */,
			);
			defaultConfigurationIsVisible = 0;
			defaultConfigurationName = Release;
		};
		656ECC5E240A8279007F93D4 /* Build configuration list for PBXNativeTarget "Nippfy" */ = {
			isa = XCConfigurationList;
			buildConfigurations = (
				656ECC5F240A8279007F93D4 /* Debug */,
				656ECC60240A8279007F93D4 /* Release */,
			);
			defaultConfigurationIsVisible = 0;
			defaultConfigurationName = Release;
		};
		656ECC61240A8279007F93D4 /* Build configuration list for PBXNativeTarget "NippfyTests" */ = {
			isa = XCConfigurationList;
			buildConfigurations = (
				656ECC62240A8279007F93D4 /* Debug */,
				656ECC63240A8279007F93D4 /* Release */,
			);
			defaultConfigurationIsVisible = 0;
			defaultConfigurationName = Release;
		};
		656ECC64240A8279007F93D4 /* Build configuration list for PBXNativeTarget "NippfyUITests" */ = {
			isa = XCConfigurationList;
			buildConfigurations = (
				656ECC65240A8279007F93D4 /* Debug */,
				656ECC66240A8279007F93D4 /* Release */,
			);
			defaultConfigurationIsVisible = 0;
			defaultConfigurationName = Release;
		};
/* End XCConfigurationList section */
	};
	rootObject = 656ECC2C240A8275007F93D4 /* Project object */;
}
